
Microsoft Visual Studio Solution File, Format Version 12.00
# Visual Studio Version 17
VisualStudioVersion = 17.3.32929.385
MinimumVisualStudioVersion = 10.0.40219.1
Project("{8BC9CEB8-8B4A-11D0-8D11-00A0C91BC942}") = "HelloTriangle", "HelloTriangle\HelloTriangle.vcxproj", "{A1C6C8E2-ADB1-42FB-807A-3F3C6CA2708A}"
EndProject
Global
	GlobalSection(SolutionConfigurationPlatforms) = preSolution
		Debug|x64 = Debug|x64
		Debug|x86 = Debug|x86
		Release|x64 = Release|x64
		Release|x86 = Release|x86
	EndGlobalSection
	GlobalSection(ProjectConfigurationPlatforms) = postSolution
		{A1C6C8E2-ADB1-42FB-807A-3F3C6CA2708A}.Debug|x64.ActiveCfg = Debug|x64
		{A1C6C8E2-ADB1-42FB-807A-3F3C6CA2708A}.Debug|x64.Build.0 = Debug|x64
		{A1C6C8E2-ADB1-42FB-807A-3F3C6CA2708A}.Debug|x86.ActiveCfg = Debug|Win32
		{A1C6C8E2-ADB1-42FB-807A-3F3C6CA2708A}.Debug|x86.Build.0 = Debug|Win32
		{A1C6C8E2-ADB1-42FB-807A-3F3C6CA2708A}.Release|x64.ActiveCfg = Release|x64
		{A1C6C8E2-ADB1-42FB-807A-3F3C6CA2708A}.Release|x64.Build.0 = Release|x64
		{A1C6C8E2-ADB1-42FB-807A-3F3C6CA2708A}.Release|x86.ActiveCfg = Release|Win32
		{A1C6C8E2-ADB1-42FB-807A-3F3C6CA2708A}.Release|x86.Build.0 = Release|Win32
	EndGlobalSection
	GlobalSection(SolutionProperties) = preSolution
		HideSolutionNode = FALSE
	EndGlobalSection
	GlobalSection(ExtensibilityGlobals) = postSolution
		SolutionGuid = {85BFA6DE-4704-4463-B5AB-7E9726D56C5C}
	EndGlobalSection
EndGlobal
